
Microsoft Visual Studio Solution File, Format Version 12.00
# Visual Studio Version 17
VisualStudioVersion = 17.14.37203.1 d17.14
MinimumVisualStudioVersion = 10.0.40219.1
Project("{FAE04EC0-301F-11D3-BF4B-00C04F79EFBC}") = "SignalRDemo", "SignalRDemo\SignalRDemo.csproj", "{CE078B2C-E6A6-4E81-AE39-8073C52013D4}"
EndProject
Global
	GlobalSection(SolutionConfigurationPlatforms) = preSolution
		Debug|Any CPU = Debug|Any CPU
		Release|Any CPU = Release|Any CPU
	EndGlobalSection
	GlobalSection(ProjectConfigurationPlatforms) = postSolution
		{CE078B2C-E6A6-4E81-AE39-8073C52013D4}.Debug|Any CPU.ActiveCfg = Debug|Any CPU
		{CE078B2C-E6A6-4E81-AE39-8073C52013D4}.Debug|Any CPU.Build.0 = Debug|Any CPU
		{CE078B2C-E6A6-4E81-AE39-8073C52013D4}.Release|Any CPU.ActiveCfg = Release|Any CPU
		{CE078B2C-E6A6-4E81-AE39-8073C52013D4}.Release|Any CPU.Build.0 = Release|Any CPU
	EndGlobalSection
	GlobalSection(SolutionProperties) = preSolution
		HideSolutionNode = FALSE
	EndGlobalSection
	GlobalSection(ExtensibilityGlobals) = postSolution
		SolutionGuid = {7C458F0B-764A-4AAE-A55E-CA9C03C0E719}
	EndGlobalSection
EndGlobal
